
Microsoft Visual Studio Solution File, Format Version 12.00
# Visual Studio Version 17
VisualStudioVersion = 17.7.34003.232
MinimumVisualStudioVersion = 10.0.40219.1
Project("{9A19103F-16F7-4668-BE54-9A1E7A4F7556}") = "CatalogAPI", "CatalogAPI\CatalogAPI.csproj", "{10C7382B-09B6-49CA-9036-CAE47C447B6B}"
EndProject
Project("{9A19103F-16F7-4668-BE54-9A1E7A4F7556}") = "CartAPI", "CartAPI\CartAPI.csproj", "{46B95991-10DE-46ED-929B-09A65C49C88D}"
EndProject
Project("{9A19103F-16F7-4668-BE54-9A1E7A4F7556}") = "OrderAPI", "OrderAPI\OrderAPI.csproj", "{A999E6DF-2AC6-4737-BDE2-3204FFBC12AE}"
EndProject
Project("{FAE04EC0-301F-11D3-BF4B-00C04F79EFBC}") = "APIGateway", "APIGateway\APIGateway.csproj", "{3A9C6885-0E89-495B-9742-B5D153260C84}"
EndProject
Global
	GlobalSection(SolutionConfigurationPlatforms) = preSolution
		Debug|Any CPU = Debug|Any CPU
		Release|Any CPU = Release|Any CPU
	EndGlobalSection
	GlobalSection(ProjectConfigurationPlatforms) = postSolution
		{10C7382B-09B6-49CA-9036-CAE47C447B6B}.Debug|Any CPU.ActiveCfg = Debug|Any CPU
		{10C7382B-09B6-49CA-9036-CAE47C447B6B}.Debug|Any CPU.Build.0 = Debug|Any CPU
		{10C7382B-09B6-49CA-9036-CAE47C447B6B}.Release|Any CPU.ActiveCfg = Release|Any CPU
		{10C7382B-09B6-49CA-9036-CAE47C447B6B}.Release|Any CPU.Build.0 = Release|Any CPU
		{46B95991-10DE-46ED-929B-09A65C49C88D}.Debug|Any CPU.ActiveCfg = Debug|Any CPU
		{46B95991-10DE-46ED-929B-09A65C49C88D}.Debug|Any CPU.Build.0 = Debug|Any CPU
		{46B95991-10DE-46ED-929B-09A65C49C88D}.Release|Any CPU.ActiveCfg = Release|Any CPU
		{46B95991-10DE-46ED-929B-09A65C49C88D}.Release|Any CPU.Build.0 = Release|Any CPU
		{A999E6DF-2AC6-4737-BDE2-3204FFBC12AE}.Debug|Any CPU.ActiveCfg = Debug|Any CPU
		{A999E6DF-2AC6-4737-BDE2-3204FFBC12AE}.Debug|Any CPU.Build.0 = Debug|Any CPU
		{A999E6DF-2AC6-4737-BDE2-3204FFBC12AE}.Release|Any CPU.ActiveCfg = Release|Any CPU
		{A999E6DF-2AC6-4737-BDE2-3204FFBC12AE}.Release|Any CPU.Build.0 = Release|Any CPU
		{3A9C6885-0E89-495B-9742-B5D153260C84}.Debug|Any CPU.ActiveCfg = Debug|Any CPU
		{3A9C6885-0E89-495B-9742-B5D153260C84}.Debug|Any CPU.Build.0 = Debug|Any CPU
		{3A9C6885-0E89-495B-9742-B5D153260C84}.Release|Any CPU.ActiveCfg = Release|Any CPU
		{3A9C6885-0E89-495B-9742-B5D153260C84}.Release|Any CPU.Build.0 = Release|Any CPU
	EndGlobalSection
	GlobalSection(SolutionProperties) = preSolution
		HideSolutionNode = FALSE
	EndGlobalSection
	GlobalSection(ExtensibilityGlobals) = postSolution
		SolutionGuid = {322B2FDA-67BB-4738-9BB2-91D4B902707D}
	EndGlobalSection
EndGlobal
